
Microsoft Visual Studio Solution File, Format Version 12.00
# Visual Studio Version 17
VisualStudioVersion = 17.11.35222.181
MinimumVisualStudioVersion = 10.0.40219.1
Project("{2150E333-8FDC-42A3-9474-1A3956D46DE8}") = "Task0", "Task0", "{C5F7339E-99DC-4F97-A22F-F0BBCDEACE64}"
EndProject
Project("{FAE04EC0-301F-11D3-BF4B-00C04F79EFBC}") = "Tyuiu.DonskoiIA.Sprint0.Task0.V0", "Tyuiu.DonskoiIA.Sprint0.Task0.V0\Tyuiu.DonskoiIA.Sprint0.Task0.V0.csproj", "{7C6C6593-0386-456E-A514-4A5E0F9216B8}"
EndProject
Project("{2150E333-8FDC-42A3-9474-1A3956D46DE8}") = "Task1", "Task1", "{33EBE020-F9C9-4EB0-BA9E-4F0C8F52743D}"
EndProject
Project("{9A19103F-16F7-4668-BE54-9A1E7A4F7556}") = "Tyuiu.DonskoiIA.Sprint0.Task1.V0", "Tyuiu.DonskoiIA.Sprint0.Task1.V0\Tyuiu.DonskoiIA.Sprint0.Task1.V0.csproj", "{6C2AB705-4BE2-4742-AE62-92ACAE8C2B9B}"
EndProject
Project("{2150E333-8FDC-42A3-9474-1A3956D46DE8}") = "Task2", "Task2", "{56D12EF2-5BBC-40FC-A70B-9A6CE0A5D1D2}"
EndProject
Project("{9A19103F-16F7-4668-BE54-9A1E7A4F7556}") = "Tyuiu.DonskoiIA.Sprint0.Task2.V0.Lib", "Tyuiu.DonskoiIA.Sprint0.Task2.V0.Lib\Tyuiu.DonskoiIA.Sprint0.Task2.V0.Lib.csproj", "{A15EA910-02FB-497C-A29F-EEE981B29A0F}"
EndProject
Project("{9A19103F-16F7-4668-BE54-9A1E7A4F7556}") = "Tyuiu.DonskoiIA.Sprint0.Task2.V0.Test", "Tyuiu.DonskoiIA.Sprint0.Task2.V0.Test\Tyuiu.DonskoiIA.Sprint0.Task2.V0.Test.csproj", "{33D2CBD1-F8E2-4929-AB21-1A19E89AAFBC}"
EndProject
Project("{FAE04EC0-301F-11D3-BF4B-00C04F79EFBC}") = "Tyuiu.DonskoiIA.Sprint0.Task2.V0", "Tyuiu.DonskoiIA.Sprint0.Task2.V0\Tyuiu.DonskoiIA.Sprint0.Task2.V0.csproj", "{55B4D8B7-684B-4277-8551-B210CC09E8B1}"
EndProject
Project("{2150E333-8FDC-42A3-9474-1A3956D46DE8}") = "Task3", "Task3", "{58BBB0E5-803E-4457-B07C-1B8692A28F6B}"
EndProject
Project("{FAE04EC0-301F-11D3-BF4B-00C04F79EFBC}") = "Tyuiu.DonskoiIA.Sprint0.Task3.V0", "Tyuiu.DonskoiIA.Sprint0.Task3.V0\Tyuiu.DonskoiIA.Sprint0.Task3.V0.csproj", "{D26F5D24-F9A2-4D24-89FB-891418CC50B1}"
EndProject
Project("{FAE04EC0-301F-11D3-BF4B-00C04F79EFBC}") = "Tyuiu.DonskoiIA.Sprint0.Task3.V0.Lib", "Tyuiu.DonskoiIA.Sprint0.Task3.V0.Lib\Tyuiu.DonskoiIA.Sprint0.Task3.V0.Lib.csproj", "{F95BFE58-4E87-4FFF-937D-6BD30F13C353}"
EndProject
Project("{FAE04EC0-301F-11D3-BF4B-00C04F79EFBC}") = "Tyuiu.DonskoiIA.Sprint0.Task3.V0.Test", "Tyuiu.DonskoiIA.Sprint0.Task3.V0.Test\Tyuiu.DonskoiIA.Sprint0.Task3.V0.Test.csproj", "{ED0FA84D-8227-4DE8-AC87-BDAD86C42FE1}"
EndProject
Project("{2150E333-8FDC-42A3-9474-1A3956D46DE8}") = "Task4", "Task4", "{D3B9B8ED-035A-4539-9E8C-7AE71B7E3111}"
EndProject
Project("{FAE04EC0-301F-11D3-BF4B-00C04F79EFBC}") = "Tyuiu.DonskoiIA.Sprint0.Task4.V0", "Tyuiu.DonskoiIA.Sprint0.Task4.V0\Tyuiu.DonskoiIA.Sprint0.Task4.V0.csproj", "{A6D8B583-567E-403B-A460-F25BA7463E68}"
EndProject
Project("{FAE04EC0-301F-11D3-BF4B-00C04F79EFBC}") = "Tyuiu.DonskoiIA.Sprint0.Task4.V0.Lib", "Tyuiu.DonskoiIA.Sprint0.Task4.V0.Lib\Tyuiu.DonskoiIA.Sprint0.Task4.V0.Lib.csproj", "{3239A35D-78A8-44C2-9384-552A201BA7B6}"
EndProject
Project("{FAE04EC0-301F-11D3-BF4B-00C04F79EFBC}") = "Tyuiu.DonskoiIA.Sprint0.Task4.V0.Test", "Tyuiu.DonskoiIA.Sprint0.Task4.V0.Test\Tyuiu.DonskoiIA.Sprint0.Task4.V0.Test.csproj", "{DCB73431-5184-4CCF-9862-8F40368D1C6E}"
EndProject
Project("{2150E333-8FDC-42A3-9474-1A3956D46DE8}") = "Task5", "Task5", "{4EB53AF9-96EC-47A2-8DDF-8A8631E88111}"
EndProject
Project("{FAE04EC0-301F-11D3-BF4B-00C04F79EFBC}") = "Tyuiu.DonskoiIA.Sprint0.Task5.V0", "Tyuiu.DonskoiIA.Sprint0.Task5.V0\Tyuiu.DonskoiIA.Sprint0.Task5.V0.csproj", "{984A8EC5-2AE1-4092-94B8-4D22D88B478A}"
EndProject
Project("{FAE04EC0-301F-11D3-BF4B-00C04F79EFBC}") = "Tyuiu.DonskoiIA.Sprint0.Task5.V0.Lib", "Tyuiu.DonskoiIA.Sprint0.Task5.V0.Lib\Tyuiu.DonskoiIA.Sprint0.Task5.V0.Lib.csproj", "{F36DE0B0-8483-4B0C-84E7-686BC0B4B560}"
EndProject
Project("{FAE04EC0-301F-11D3-BF4B-00C04F79EFBC}") = "Tyuiu.DonskoiIA.Sprint0.Task5.V0.Test", "Tyuiu.DonskoiIA.Sprint0.Task5.V0.Test\Tyuiu.DonskoiIA.Sprint0.Task5.V0.Test.csproj", "{FF2B2B8B-70E8-4611-A2AA-B1D29F4FE71C}"
EndProject
Project("{2150E333-8FDC-42A3-9474-1A3956D46DE8}") = "Task6", "Task6", "{304BBB45-540B-4145-8648-E76A9C0A3E00}"
EndProject
Project("{FAE04EC0-301F-11D3-BF4B-00C04F79EFBC}") = "Tyuiu.DonskoiIA.Sprint0.Task6.V0", "Tyuiu.DonskoiIA.Sprint0.Task6.V0\Tyuiu.DonskoiIA.Sprint0.Task6.V0.csproj", "{C77CF15C-D6F3-4F26-8090-9CF78B5DC95D}"
EndProject
Project("{FAE04EC0-301F-11D3-BF4B-00C04F79EFBC}") = "Tyuiu.DonskoiIA.Sprint0.Task6.V0.Lib", "Tyuiu.DonskoiIA.Sprint0.Task6.V0.Lib\Tyuiu.DonskoiIA.Sprint0.Task6.V0.Lib.csproj", "{8A192B20-4F21-4BDB-A9D9-FC30C177814A}"
EndProject
Project("{FAE04EC0-301F-11D3-BF4B-00C04F79EFBC}") = "Tyuiu.DonskoiIA.Sprint0.Task6.V0.Test", "Tyuiu.DonskoiIA.Sprint0.Task6.V0.Test\Tyuiu.DonskoiIA.Sprint0.Task6.V0.Test.csproj", "{90483959-ABC8-44F7-B709-CB8257907508}"
EndProject
Project("{2150E333-8FDC-42A3-9474-1A3956D46DE8}") = "Task7", "Task7", "{45AF12D6-900B-42AD-8F2D-5F2F78642B57}"
EndProject
Project("{FAE04EC0-301F-11D3-BF4B-00C04F79EFBC}") = "Tyuiu.DonskoiIA.Sprint0.Task7.V0", "Tyuiu.DonskoiIA.Sprint0.Task7.V0\Tyuiu.DonskoiIA.Sprint0.Task7.V0.csproj", "{296123E4-6780-4420-9ED8-4B28ECCBCEE9}"
EndProject
Project("{FAE04EC0-301F-11D3-BF4B-00C04F79EFBC}") = "Tyuiu.DonskoiIA.Sprint0.Task7.V0.Lib", "Tyuiu.DonskoiIA.Sprint0.Task7.V0.Lib\Tyuiu.DonskoiIA.Sprint0.Task7.V0.Lib.csproj", "{69F582F4-80BF-499B-8C00-0CC740A57856}"
EndProject
Project("{FAE04EC0-301F-11D3-BF4B-00C04F79EFBC}") = "Tyuiu.DonskoiIA.Sprint0.Task7.V0.Test", "Tyuiu.DonskoiIA.Sprint0.Task7.V0.Test\Tyuiu.DonskoiIA.Sprint0.Task7.V0.Test.csproj", "{2CE72B6C-2BFF-4991-B865-ACC26071EE22}"
EndProject
Global
	GlobalSection(SolutionConfigurationPlatforms) = preSolution
		Debug|Any CPU = Debug|Any CPU
		Release|Any CPU = Release|Any CPU
	EndGlobalSection
	GlobalSection(ProjectConfigurationPlatforms) = postSolution
		{7C6C6593-0386-456E-A514-4A5E0F9216B8}.Debug|Any CPU.ActiveCfg = Debug|Any CPU
		{7C6C6593-0386-456E-A514-4A5E0F9216B8}.Debug|Any CPU.Build.0 = Debug|Any CPU
		{7C6C6593-0386-456E-A514-4A5E0F9216B8}.Release|Any CPU.ActiveCfg = Release|Any CPU
		{7C6C6593-0386-456E-A514-4A5E0F9216B8}.Release|Any CPU.Build.0 = Release|Any CPU
		{6C2AB705-4BE2-4742-AE62-92ACAE8C2B9B}.Debug|Any CPU.ActiveCfg = Debug|Any CPU
		{6C2AB705-4BE2-4742-AE62-92ACAE8C2B9B}.Debug|Any CPU.Build.0 = Debug|Any CPU
		{6C2AB705-4BE2-4742-AE62-92ACAE8C2B9B}.Release|Any CPU.ActiveCfg = Release|Any CPU
		{6C2AB705-4BE2-4742-AE62-92ACAE8C2B9B}.Release|Any CPU.Build.0 = Release|Any CPU
		{A15EA910-02FB-497C-A29F-EEE981B29A0F}.Debug|Any CPU.ActiveCfg = Debug|Any CPU
		{A15EA910-02FB-497C-A29F-EEE981B29A0F}.Debug|Any CPU.Build.0 = Debug|Any CPU
		{A15EA910-02FB-497C-A29F-EEE981B29A0F}.Release|Any CPU.ActiveCfg = Release|Any CPU
		{A15EA910-02FB-497C-A29F-EEE981B29A0F}.Release|Any CPU.Build.0 = Release|Any CPU
		{33D2CBD1-F8E2-4929-AB21-1A19E89AAFBC}.Debug|Any CPU.ActiveCfg = Debug|Any CPU
		{33D2CBD1-F8E2-4929-AB21-1A19E89AAFBC}.Debug|Any CPU.Build.0 = Debug|Any CPU
		{33D2CBD1-F8E2-4929-AB21-1A19E89AAFBC}.Release|Any CPU.ActiveCfg = Release|Any CPU
		{33D2CBD1-F8E2-4929-AB21-1A19E89AAFBC}.Release|Any CPU.Build.0 = Release|Any CPU
		{55B4D8B7-684B-4277-8551-B210CC09E8B1}.Debug|Any CPU.ActiveCfg = Debug|Any CPU
		{55B4D8B7-684B-4277-8551-B210CC09E8B1}.Debug|Any CPU.Build.0 = Debug|Any CPU
		{55B4D8B7-684B-4277-8551-B210CC09E8B1}.Release|Any CPU.ActiveCfg = Release|Any CPU
		{55B4D8B7-684B-4277-8551-B210CC09E8B1}.Release|Any CPU.Build.0 = Release|Any CPU
		{D26F5D24-F9A2-4D24-89FB-891418CC50B1}.Debug|Any CPU.ActiveCfg = Debug|Any CPU
		{D26F5D24-F9A2-4D24-89FB-891418CC50B1}.Debug|Any CPU.Build.0 = Debug|Any CPU
		{D26F5D24-F9A2-4D24-89FB-891418CC50B1}.Release|Any CPU.ActiveCfg = Release|Any CPU
		{D26F5D24-F9A2-4D24-89FB-891418CC50B1}.Release|Any CPU.Build.0 = Release|Any CPU
		{F95BFE58-4E87-4FFF-937D-6BD30F13C353}.Debug|Any CPU.ActiveCfg = Debug|Any CPU
		{F95BFE58-4E87-4FFF-937D-6BD30F13C353}.Debug|Any CPU.Build.0 = Debug|Any CPU
		{F95BFE58-4E87-4FFF-937D-6BD30F13C353}.Release|Any CPU.ActiveCfg = Release|Any CPU
		{F95BFE58-4E87-4FFF-937D-6BD30F13C353}.Release|Any CPU.Build.0 = Release|Any CPU
		{ED0FA84D-8227-4DE8-AC87-BDAD86C42FE1}.Debug|Any CPU.ActiveCfg = Debug|Any CPU
		{ED0FA84D-8227-4DE8-AC87-BDAD86C42FE1}.Debug|Any CPU.Build.0 = Debug|Any CPU
		{ED0FA84D-8227-4DE8-AC87-BDAD86C42FE1}.Release|Any CPU.ActiveCfg = Release|Any CPU
		{ED0FA84D-8227-4DE8-AC87-BDAD86C42FE1}.Release|Any CPU.Build.0 = Release|Any CPU
		{A6D8B583-567E-403B-A460-F25BA7463E68}.Debug|Any CPU.ActiveCfg = Debug|Any CPU
		{A6D8B583-567E-403B-A460-F25BA7463E68}.Debug|Any CPU.Build.0 = Debug|Any CPU
		{A6D8B583-567E-403B-A460-F25BA7463E68}.Release|Any CPU.ActiveCfg = Release|Any CPU
		{A6D8B583-567E-403B-A460-F25BA7463E68}.Release|Any CPU.Build.0 = Release|Any CPU
		{3239A35D-78A8-44C2-9384-552A201BA7B6}.Debug|Any CPU.ActiveCfg = Debug|Any CPU
		{3239A35D-78A8-44C2-9384-552A201BA7B6}.Debug|Any CPU.Build.0 = Debug|Any CPU
		{3239A35D-78A8-44C2-9384-552A201BA7B6}.Release|Any CPU.ActiveCfg = Release|Any CPU
		{3239A35D-78A8-44C2-9384-552A201BA7B6}.Release|Any CPU.Build.0 = Release|Any CPU
		{DCB73431-5184-4CCF-9862-8F40368D1C6E}.Debug|Any CPU.ActiveCfg = Debug|Any CPU
		{DCB73431-5184-4CCF-9862-8F40368D1C6E}.Debug|Any CPU.Build.0 = Debug|Any CPU
		{DCB73431-5184-4CCF-9862-8F40368D1C6E}.Release|Any CPU.ActiveCfg = Release|Any CPU
		{DCB73431-5184-4CCF-9862-8F40368D1C6E}.Release|Any CPU.Build.0 = Release|Any CPU
		{984A8EC5-2AE1-4092-94B8-4D22D88B478A}.Debug|Any CPU.ActiveCfg = Debug|Any CPU
		{984A8EC5-2AE1-4092-94B8-4D22D88B478A}.Debug|Any CPU.Build.0 = Debug|Any CPU
		{984A8EC5-2AE1-4092-94B8-4D22D88B478A}.Release|Any CPU.ActiveCfg = Release|Any CPU
		{984A8EC5-2AE1-4092-94B8-4D22D88B478A}.Release|Any CPU.Build.0 = Release|Any CPU
		{F36DE0B0-8483-4B0C-84E7-686BC0B4B560}.Debug|Any CPU.ActiveCfg = Debug|Any CPU
		{F36DE0B0-8483-4B0C-84E7-686BC0B4B560}.Debug|Any CPU.Build.0 = Debug|Any CPU
		{F36DE0B0-8483-4B0C-84E7-686BC0B4B560}.Release|Any CPU.ActiveCfg = Release|Any CPU
		{F36DE0B0-8483-4B0C-84E7-686BC0B4B560}.Release|Any CPU.Build.0 = Release|Any CPU
		{FF2B2B8B-70E8-4611-A2AA-B1D29F4FE71C}.Debug|Any CPU.ActiveCfg = Debug|Any CPU
		{FF2B2B8B-70E8-4611-A2AA-B1D29F4FE71C}.Debug|Any CPU.Build.0 = Debug|Any CPU
		{FF2B2B8B-70E8-4611-A2AA-B1D29F4FE71C}.Release|Any CPU.ActiveCfg = Release|Any CPU
		{FF2B2B8B-70E8-4611-A2AA-B1D29F4FE71C}.Release|Any CPU.Build.0 = Release|Any CPU
		{C77CF15C-D6F3-4F26-8090-9CF78B5DC95D}.Debug|Any CPU.ActiveCfg = Debug|Any CPU
		{C77CF15C-D6F3-4F26-8090-9CF78B5DC95D}.Debug|Any CPU.Build.0 = Debug|Any CPU
		{C77CF15C-D6F3-4F26-8090-9CF78B5DC95D}.Release|Any CPU.ActiveCfg = Release|Any CPU
		{C77CF15C-D6F3-4F26-8090-9CF78B5DC95D}.Release|Any CPU.Build.0 = Release|Any CPU
		{8A192B20-4F21-4BDB-A9D9-FC30C177814A}.Debug|Any CPU.ActiveCfg = Debug|Any CPU
		{8A192B20-4F21-4BDB-A9D9-FC30C177814A}.Debug|Any CPU.Build.0 = Debug|Any CPU
		{8A192B20-4F21-4BDB-A9D9-FC30C177814A}.Release|Any CPU.ActiveCfg = Release|Any CPU
		{8A192B20-4F21-4BDB-A9D9-FC30C177814A}.Release|Any CPU.Build.0 = Release|Any CPU
		{90483959-ABC8-44F7-B709-CB8257907508}.Debug|Any CPU.ActiveCfg = Debug|Any CPU
		{90483959-ABC8-44F7-B709-CB8257907508}.Debug|Any CPU.Build.0 = Debug|Any CPU
		{90483959-ABC8-44F7-B709-CB8257907508}.Release|Any CPU.ActiveCfg = Release|Any CPU
		{90483959-ABC8-44F7-B709-CB8257907508}.Release|Any CPU.Build.0 = Release|Any CPU
		{296123E4-6780-4420-9ED8-4B28ECCBCEE9}.Debug|Any CPU.ActiveCfg = Debug|Any CPU
		{296123E4-6780-4420-9ED8-4B28ECCBCEE9}.Debug|Any CPU.Build.0 = Debug|Any CPU
		{296123E4-6780-4420-9ED8-4B28ECCBCEE9}.Release|Any CPU.ActiveCfg = Release|Any CPU
		{296123E4-6780-4420-9ED8-4B28ECCBCEE9}.Release|Any CPU.Build.0 = Release|Any CPU
		{69F582F4-80BF-499B-8C00-0CC740A57856}.Debug|Any CPU.ActiveCfg = Debug|Any CPU
		{69F582F4-80BF-499B-8C00-0CC740A57856}.Debug|Any CPU.Build.0 = Debug|Any CPU
		{69F582F4-80BF-499B-8C00-0CC740A57856}.Release|Any CPU.ActiveCfg = Release|Any CPU
		{69F582F4-80BF-499B-8C00-0CC740A57856}.Release|Any CPU.Build.0 = Release|Any CPU
		{2CE72B6C-2BFF-4991-B865-ACC26071EE22}.Debug|Any CPU.ActiveCfg = Debug|Any CPU
		{2CE72B6C-2BFF-4991-B865-ACC26071EE22}.Debug|Any CPU.Build.0 = Debug|Any CPU
		{2CE72B6C-2BFF-4991-B865-ACC26071EE22}.Release|Any CPU.ActiveCfg = Release|Any CPU
		{2CE72B6C-2BFF-4991-B865-ACC26071EE22}.Release|Any CPU.Build.0 = Release|Any CPU
	EndGlobalSection
	GlobalSection(SolutionProperties) = preSolution
		HideSolutionNode = FALSE
	EndGlobalSection
	GlobalSection(NestedProjects) = preSolution
		{7C6C6593-0386-456E-A514-4A5E0F9216B8} = {C5F7339E-99DC-4F97-A22F-F0BBCDEACE64}
		{6C2AB705-4BE2-4742-AE62-92ACAE8C2B9B} = {33EBE020-F9C9-4EB0-BA9E-4F0C8F52743D}
		{A15EA910-02FB-497C-A29F-EEE981B29A0F} = {56D12EF2-5BBC-40FC-A70B-9A6CE0A5D1D2}
		{33D2CBD1-F8E2-4929-AB21-1A19E89AAFBC} = {56D12EF2-5BBC-40FC-A70B-9A6CE0A5D1D2}
		{55B4D8B7-684B-4277-8551-B210CC09E8B1} = {56D12EF2-5BBC-40FC-A70B-9A6CE0A5D1D2}
		{D26F5D24-F9A2-4D24-89FB-891418CC50B1} = {58BBB0E5-803E-4457-B07C-1B8692A28F6B}
		{F95BFE58-4E87-4FFF-937D-6BD30F13C353} = {58BBB0E5-803E-4457-B07C-1B8692A28F6B}
		{ED0FA84D-8227-4DE8-AC87-BDAD86C42FE1} = {58BBB0E5-803E-4457-B07C-1B8692A28F6B}
		{A6D8B583-567E-403B-A460-F25BA7463E68} = {D3B9B8ED-035A-4539-9E8C-7AE71B7E3111}
		{3239A35D-78A8-44C2-9384-552A201BA7B6} = {D3B9B8ED-035A-4539-9E8C-7AE71B7E3111}
		{DCB73431-5184-4CCF-9862-8F40368D1C6E} = {D3B9B8ED-035A-4539-9E8C-7AE71B7E3111}
		{984A8EC5-2AE1-4092-94B8-4D22D88B478A} = {4EB53AF9-96EC-47A2-8DDF-8A8631E88111}
		{F36DE0B0-8483-4B0C-84E7-686BC0B4B560} = {4EB53AF9-96EC-47A2-8DDF-8A8631E88111}
		{FF2B2B8B-70E8-4611-A2AA-B1D29F4FE71C} = {4EB53AF9-96EC-47A2-8DDF-8A8631E88111}
		{C77CF15C-D6F3-4F26-8090-9CF78B5DC95D} = {304BBB45-540B-4145-8648-E76A9C0A3E00}
		{8A192B20-4F21-4BDB-A9D9-FC30C177814A} = {304BBB45-540B-4145-8648-E76A9C0A3E00}
		{90483959-ABC8-44F7-B709-CB8257907508} = {304BBB45-540B-4145-8648-E76A9C0A3E00}
		{296123E4-6780-4420-9ED8-4B28ECCBCEE9} = {45AF12D6-900B-42AD-8F2D-5F2F78642B57}
		{69F582F4-80BF-499B-8C00-0CC740A57856} = {45AF12D6-900B-42AD-8F2D-5F2F78642B57}
		{2CE72B6C-2BFF-4991-B865-ACC26071EE22} = {45AF12D6-900B-42AD-8F2D-5F2F78642B57}
	EndGlobalSection
	GlobalSection(ExtensibilityGlobals) = postSolution
		SolutionGuid = {EAF07525-A8A7-4527-80C9-2D02BE8FCFEF}
	EndGlobalSection
EndGlobal
